
Microsoft Visual Studio Solution File, Format Version 12.00
Project("{FAE04EC0-301F-11D3-BF4B-00C04F79EFBC}") = "ClassesGoblinBattle", "ClassesGoblinBattle.csproj", "{B5199299-A0B4-46E1-8021-77F3AD9C67CB}"
EndProject
Global
	GlobalSection(SolutionConfigurationPlatforms) = preSolution
		Debug|Any CPU = Debug|Any CPU
		Release|Any CPU = Release|Any CPU
	EndGlobalSection
	GlobalSection(ProjectConfigurationPlatforms) = postSolution
		{B5199299-A0B4-46E1-8021-77F3AD9C67CB}.Debug|Any CPU.ActiveCfg = Debug|Any CPU
		{B5199299-A0B4-46E1-8021-77F3AD9C67CB}.Debug|Any CPU.Build.0 = Debug|Any CPU
		{B5199299-A0B4-46E1-8021-77F3AD9C67CB}.Release|Any CPU.ActiveCfg = Release|Any CPU
		{B5199299-A0B4-46E1-8021-77F3AD9C67CB}.Release|Any CPU.Build.0 = Release|Any CPU
	EndGlobalSection
EndGlobal
