
Microsoft Visual Studio Solution File, Format Version 12.00
Project("{FAE04EC0-301F-11D3-BF4B-00C04F79EFBC}") = "GuessingGame.UI", "GuessingGame.UI\GuessingGame.UI.csproj", "{20C28471-CEB5-471D-80E0-9F83E174E069}"
EndProject
Project("{FAE04EC0-301F-11D3-BF4B-00C04F79EFBC}") = "GuessingGame.BLL", "GuessingGame.BLL\GuessingGame.BLL.csproj", "{DE2C41B5-0EFE-4C03-B7DE-121F0CFEDBD8}"
EndProject
Project("{FAE04EC0-301F-11D3-BF4B-00C04F79EFBC}") = "GuessingGame.Tests", "GuessingGame.Tests\GuessingGame.Tests.csproj", "{4826F15A-90D3-455A-88BD-445F2FF300A2}"
EndProject
Global
	GlobalSection(SolutionConfigurationPlatforms) = preSolution
		Debug|Any CPU = Debug|Any CPU
		Release|Any CPU = Release|Any CPU
	EndGlobalSection
	GlobalSection(ProjectConfigurationPlatforms) = postSolution
		{20C28471-CEB5-471D-80E0-9F83E174E069}.Debug|Any CPU.ActiveCfg = Debug|Any CPU
		{20C28471-CEB5-471D-80E0-9F83E174E069}.Debug|Any CPU.Build.0 = Debug|Any CPU
		{20C28471-CEB5-471D-80E0-9F83E174E069}.Release|Any CPU.ActiveCfg = Release|Any CPU
		{20C28471-CEB5-471D-80E0-9F83E174E069}.Release|Any CPU.Build.0 = Release|Any CPU
		{DE2C41B5-0EFE-4C03-B7DE-121F0CFEDBD8}.Debug|Any CPU.ActiveCfg = Debug|Any CPU
		{DE2C41B5-0EFE-4C03-B7DE-121F0CFEDBD8}.Debug|Any CPU.Build.0 = Debug|Any CPU
		{DE2C41B5-0EFE-4C03-B7DE-121F0CFEDBD8}.Release|Any CPU.ActiveCfg = Release|Any CPU
		{DE2C41B5-0EFE-4C03-B7DE-121F0CFEDBD8}.Release|Any CPU.Build.0 = Release|Any CPU
		{4826F15A-90D3-455A-88BD-445F2FF300A2}.Debug|Any CPU.ActiveCfg = Debug|Any CPU
		{4826F15A-90D3-455A-88BD-445F2FF300A2}.Debug|Any CPU.Build.0 = Debug|Any CPU
		{4826F15A-90D3-455A-88BD-445F2FF300A2}.Release|Any CPU.ActiveCfg = Release|Any CPU
		{4826F15A-90D3-455A-88BD-445F2FF300A2}.Release|Any CPU.Build.0 = Release|Any CPU
	EndGlobalSection
EndGlobal
