
Microsoft Visual Studio Solution File, Format Version 12.00
Project("{FAE04EC0-301F-11D3-BF4B-00C04F79EFBC}") = "Ex2FixxBuzz", "Ex2FixxBuzz.csproj", "{28EF7814-C099-4FDB-A3BB-54EDBEC484E5}"
EndProject
Global
	GlobalSection(SolutionConfigurationPlatforms) = preSolution
		Debug|Any CPU = Debug|Any CPU
		Release|Any CPU = Release|Any CPU
	EndGlobalSection
	GlobalSection(ProjectConfigurationPlatforms) = postSolution
		{28EF7814-C099-4FDB-A3BB-54EDBEC484E5}.Debug|Any CPU.ActiveCfg = Debug|Any CPU
		{28EF7814-C099-4FDB-A3BB-54EDBEC484E5}.Debug|Any CPU.Build.0 = Debug|Any CPU
		{28EF7814-C099-4FDB-A3BB-54EDBEC484E5}.Release|Any CPU.ActiveCfg = Release|Any CPU
		{28EF7814-C099-4FDB-A3BB-54EDBEC484E5}.Release|Any CPU.Build.0 = Release|Any CPU
	EndGlobalSection
EndGlobal
