
Microsoft Visual Studio Solution File, Format Version 12.00
Project("{FAE04EC0-301F-11D3-BF4B-00C04F79EFBC}") = "LinqPractice", "LinqPractice\LinqPractice.csproj", "{1CBBD34C-6001-4081-A2E4-AAEAC09BECE5}"
EndProject
Global
	GlobalSection(SolutionConfigurationPlatforms) = preSolution
		Debug|Any CPU = Debug|Any CPU
		Release|Any CPU = Release|Any CPU
	EndGlobalSection
	GlobalSection(ProjectConfigurationPlatforms) = postSolution
		{1CBBD34C-6001-4081-A2E4-AAEAC09BECE5}.Debug|Any CPU.ActiveCfg = Debug|Any CPU
		{1CBBD34C-6001-4081-A2E4-AAEAC09BECE5}.Debug|Any CPU.Build.0 = Debug|Any CPU
		{1CBBD34C-6001-4081-A2E4-AAEAC09BECE5}.Release|Any CPU.ActiveCfg = Release|Any CPU
		{1CBBD34C-6001-4081-A2E4-AAEAC09BECE5}.Release|Any CPU.Build.0 = Release|Any CPU
	EndGlobalSection
EndGlobal
